
Microsoft Visual Studio Solution File, Format Version 12.00
# Visual Studio Version 17
VisualStudioVersion = 17.0.32014.148
MinimumVisualStudioVersion = 10.0.40219.1
Project("{FAE04EC0-301F-11D3-BF4B-00C04F79EFBC}") = "gestionStock", "gestionStock.csproj", "{F4BF9719-9F40-4175-B327-E68B03BAAA38}"
EndProject
Global
	GlobalSection(SolutionConfigurationPlatforms) = preSolution
		Debug|Any CPU = Debug|Any CPU
		Release|Any CPU = Release|Any CPU
	EndGlobalSection
	GlobalSection(ProjectConfigurationPlatforms) = postSolution
		{F4BF9719-9F40-4175-B327-E68B03BAAA38}.Debug|Any CPU.ActiveCfg = Debug|Any CPU
		{F4BF9719-9F40-4175-B327-E68B03BAAA38}.Debug|Any CPU.Build.0 = Debug|Any CPU
		{F4BF9719-9F40-4175-B327-E68B03BAAA38}.Release|Any CPU.ActiveCfg = Release|Any CPU
		{F4BF9719-9F40-4175-B327-E68B03BAAA38}.Release|Any CPU.Build.0 = Release|Any CPU
	EndGlobalSection
	GlobalSection(SolutionProperties) = preSolution
		HideSolutionNode = FALSE
	EndGlobalSection
	GlobalSection(ExtensibilityGlobals) = postSolution
		SolutionGuid = {141D2CDD-B216-49F3-A0D9-898E9ACD03A1}
	EndGlobalSection
EndGlobal
